// !$*UTF8*$!
{
	archiveVersion = 1;
	classes = {
	};
	objectVersion = 50;
	objects = {

/* Begin PBXBuildFile section */
		4A29283A23F46249005F4E02 /* AppDelegate.swift in Sources */ = {isa = PBXBuildFile; fileRef = 4A29283923F46249005F4E02 /* AppDelegate.swift */; };
		4A29283C23F46249005F4E02 /* ViewController.swift in Sources */ = {isa = PBXBuildFile; fileRef = 4A29283B23F46249005F4E02 /* ViewController.swift */; };
		4A29283F23F46249005F4E02 /* Main.storyboard in Resources */ = {isa = PBXBuildFile; fileRef = 4A29283D23F46249005F4E02 /* Main.storyboard */; };
		4A29284123F4624C005F4E02 /* Assets.xcassets in Resources */ = {isa = PBXBuildFile; fileRef = 4A29284023F4624C005F4E02 /* Assets.xcassets */; };
		4A29284423F4624C005F4E02 /* LaunchScreen.storyboard in Resources */ = {isa = PBXBuildFile; fileRef = 4A29284223F4624C005F4E02 /* LaunchScreen.storyboard */; };
		4A29284C23F46870005F4E02 /* Enemy.swift in Sources */ = {isa = PBXBuildFile; fileRef = 4A29284B23F46870005F4E02 /* Enemy.swift */; };
		4A29284E23F46AAD005F4E02 /* EnemyTableViewController.swift in Sources */ = {isa = PBXBuildFile; fileRef = 4A29284D23F46AAD005F4E02 /* EnemyTableViewController.swift */; };
		4A29285023F46CDD005F4E02 /* EnemyTableViewCell.swift in Sources */ = {isa = PBXBuildFile; fileRef = 4A29284F23F46CDD005F4E02 /* EnemyTableViewCell.swift */; };
		4A29285223F470BB005F4E02 /* AddEditEnemyViewController.swift in Sources */ = {isa = PBXBuildFile; fileRef = 4A29285123F470BB005F4E02 /* AddEditEnemyViewController.swift */; };
/* End PBXBuildFile section */

/* Begin PBXFileReference section */
		4A29283623F46249005F4E02 /* MapGeneratorD&D_Group2.app */ = {isa = PBXFileReference; explicitFileType = wrapper.application; includeInIndex = 0; path = "MapGeneratorD&D_Group2.app"; sourceTree = BUILT_PRODUCTS_DIR; };
		4A29283923F46249005F4E02 /* AppDelegate.swift */ = {isa = PBXFileReference; lastKnownFileType = sourcecode.swift; path = AppDelegate.swift; sourceTree = "<group>"; };
		4A29283B23F46249005F4E02 /* ViewController.swift */ = {isa = PBXFileReference; lastKnownFileType = sourcecode.swift; path = ViewController.swift; sourceTree = "<group>"; };
		4A29283E23F46249005F4E02 /* Base */ = {isa = PBXFileReference; lastKnownFileType = file.storyboard; name = Base; path = Base.lproj/Main.storyboard; sourceTree = "<group>"; };
		4A29284023F4624C005F4E02 /* Assets.xcassets */ = {isa = PBXFileReference; lastKnownFileType = folder.assetcatalog; path = Assets.xcassets; sourceTree = "<group>"; };
		4A29284323F4624C005F4E02 /* Base */ = {isa = PBXFileReference; lastKnownFileType = file.storyboard; name = Base; path = Base.lproj/LaunchScreen.storyboard; sourceTree = "<group>"; };
		4A29284523F4624C005F4E02 /* Info.plist */ = {isa = PBXFileReference; lastKnownFileType = text.plist.xml; path = Info.plist; sourceTree = "<group>"; };
		4A29284B23F46870005F4E02 /* Enemy.swift */ = {isa = PBXFileReference; lastKnownFileType = sourcecode.swift; path = Enemy.swift; sourceTree = "<group>"; };
		4A29284D23F46AAD005F4E02 /* EnemyTableViewController.swift */ = {isa = PBXFileReference; lastKnownFileType = sourcecode.swift; path = EnemyTableViewController.swift; sourceTree = "<group>"; };
		4A29284F23F46CDD005F4E02 /* EnemyTableViewCell.swift */ = {isa = PBXFileReference; lastKnownFileType = sourcecode.swift; path = EnemyTableViewCell.swift; sourceTree = "<group>"; };
		4A29285123F470BB005F4E02 /* AddEditEnemyViewController.swift */ = {isa = PBXFileReference; lastKnownFileType = sourcecode.swift; path = AddEditEnemyViewController.swift; sourceTree = "<group>"; };
/* End PBXFileReference section */

/* Begin PBXFrameworksBuildPhase section */
		4A29283323F46249005F4E02 /* Frameworks */ = {
			isa = PBXFrameworksBuildPhase;
			buildActionMask = 2147483647;
			files = (
			);
			runOnlyForDeploymentPostprocessing = 0;
		};
/* End PBXFrameworksBuildPhase section */

/* Begin PBXGroup section */
		4A29282D23F46249005F4E02 = {
			isa = PBXGroup;
			children = (
				4A29283823F46249005F4E02 /* MapGeneratorD&D_Group2 */,
				4A29283723F46249005F4E02 /* Products */,
			);
			sourceTree = "<group>";
		};
		4A29283723F46249005F4E02 /* Products */ = {
			isa = PBXGroup;
			children = (
				4A29283623F46249005F4E02 /* MapGeneratorD&D_Group2.app */,
			);
			name = Products;
			sourceTree = "<group>";
		};
		4A29283823F46249005F4E02 /* MapGeneratorD&D_Group2 */ = {
			isa = PBXGroup;
			children = (
				4A29283923F46249005F4E02 /* AppDelegate.swift */,
				4A29283B23F46249005F4E02 /* ViewController.swift */,
				4A29283D23F46249005F4E02 /* Main.storyboard */,
				4A29285123F470BB005F4E02 /* AddEditEnemyViewController.swift */,
				4A29284F23F46CDD005F4E02 /* EnemyTableViewCell.swift */,
				4A29284D23F46AAD005F4E02 /* EnemyTableViewController.swift */,
				4A29284B23F46870005F4E02 /* Enemy.swift */,
				4A29284023F4624C005F4E02 /* Assets.xcassets */,
				4A29284223F4624C005F4E02 /* LaunchScreen.storyboard */,
				4A29284523F4624C005F4E02 /* Info.plist */,
			);
			path = "MapGeneratorD&D_Group2";
			sourceTree = "<group>";
		};
/* End PBXGroup section */

/* Begin PBXNativeTarget section */
		4A29283523F46249005F4E02 /* MapGeneratorD&D_Group2 */ = {
			isa = PBXNativeTarget;
			buildConfigurationList = 4A29284823F4624C005F4E02 /* Build configuration list for PBXNativeTarget "MapGeneratorD&D_Group2" */;
			buildPhases = (
				4A29283223F46249005F4E02 /* Sources */,
				4A29283323F46249005F4E02 /* Frameworks */,
				4A29283423F46249005F4E02 /* Resources */,
			);
			buildRules = (
			);
			dependencies = (
			);
			name = "MapGeneratorD&D_Group2";
			productName = "MapGeneratorD&D_Group2";
			productReference = 4A29283623F46249005F4E02 /* MapGeneratorD&D_Group2.app */;
			productType = "com.apple.product-type.application";
		};
/* End PBXNativeTarget section */

/* Begin PBXProject section */
		4A29282E23F46249005F4E02 /* Project object */ = {
			isa = PBXProject;
			attributes = {
				LastSwiftUpdateCheck = 1030;
				LastUpgradeCheck = 1030;
				ORGANIZATIONNAME = "CVTC Reed Heimstead";
				TargetAttributes = {
					4A29283523F46249005F4E02 = {
						CreatedOnToolsVersion = 10.3;
					};
				};
			};
			buildConfigurationList = 4A29283123F46249005F4E02 /* Build configuration list for PBXProject "MapGeneratorD&D_Group2" */;
			compatibilityVersion = "Xcode 9.3";
			developmentRegion = en;
			hasScannedForEncodings = 0;
			knownRegions = (
				en,
				Base,
			);
			mainGroup = 4A29282D23F46249005F4E02;
			productRefGroup = 4A29283723F46249005F4E02 /* Products */;
			projectDirPath = "";
			projectRoot = "";
			targets = (
				4A29283523F46249005F4E02 /* MapGeneratorD&D_Group2 */,
			);
		};
/* End PBXProject section */

/* Begin PBXResourcesBuildPhase section */
		4A29283423F46249005F4E02 /* Resources */ = {
			isa = PBXResourcesBuildPhase;
			buildActionMask = 2147483647;
			files = (
				4A29284423F4624C005F4E02 /* LaunchScreen.storyboard in Resources */,
				4A29284123F4624C005F4E02 /* Assets.xcassets in Resources */,
				4A29283F23F46249005F4E02 /* Main.storyboard in Resources */,
			);
			runOnlyForDeploymentPostprocessing = 0;
		};
/* End PBXResourcesBuildPhase section */

/* Begin PBXSourcesBuildPhase section */
		4A29283223F46249005F4E02 /* Sources */ = {
			isa = PBXSourcesBuildPhase;
			buildActionMask = 2147483647;
			files = (
				4A29285223F470BB005F4E02 /* AddEditEnemyViewController.swift in Sources */,
				4A29283C23F46249005F4E02 /* ViewController.swift in Sources */,
				4A29283A23F46249005F4E02 /* AppDelegate.swift in Sources */,
				4A29284E23F46AAD005F4E02 /* EnemyTableViewController.swift in Sources */,
				4A29284C23F46870005F4E02 /* Enemy.swift in Sources */,
				4A29285023F46CDD005F4E02 /* EnemyTableViewCell.swift in Sources */,
			);
			runOnlyForDeploymentPostprocessing = 0;
		};
/* End PBXSourcesBuildPhase section */

/* Begin PBXVariantGroup section */
		4A29283D23F46249005F4E02 /* Main.storyboard */ = {
			isa = PBXVariantGroup;
			children = (
				4A29283E23F46249005F4E02 /* Base */,
			);
			name = Main.storyboard;
			sourceTree = "<group>";
		};
		4A29284223F4624C005F4E02 /* LaunchScreen.storyboard */ = {
			isa = PBXVariantGroup;
			children = (
				4A29284323F4624C005F4E02 /* Base */,
			);
			name = LaunchScreen.storyboard;
			sourceTree = "<group>";
		};
/* End PBXVariantGroup section */

/* Begin XCBuildConfiguration section */
		4A29284623F4624C005F4E02 /* Debug */ = {
			isa = XCBuildConfiguration;
			buildSettings = {
				ALWAYS_SEARCH_USER_PATHS = NO;
				CLANG_ANALYZER_NONNULL = YES;
				CLANG_ANALYZER_NUMBER_OBJECT_CONVERSION = YES_AGGRESSIVE;
				CLANG_CXX_LANGUAGE_STANDARD = "gnu++14";
				CLANG_CXX_LIBRARY = "libc++";
				CLANG_ENABLE_MODULES = YES;
				CLANG_ENABLE_OBJC_ARC = YES;
				CLANG_ENABLE_OBJC_WEAK = YES;
				CLANG_WARN_BLOCK_CAPTURE_AUTORELEASING = YES;
				CLANG_WARN_BOOL_CONVERSION = YES;
				CLANG_WARN_COMMA = YES;
				CLANG_WARN_CONSTANT_CONVERSION = YES;
				CLANG_WARN_DEPRECATED_OBJC_IMPLEMENTATIONS = YES;
				CLANG_WARN_DIRECT_OBJC_ISA_USAGE = YES_ERROR;
				CLANG_WARN_DOCUMENTATION_COMMENTS = YES;
				CLANG_WARN_EMPTY_BODY = YES;
				CLANG_WARN_ENUM_CONVERSION = YES;
				CLANG_WARN_INFINITE_RECURSION = YES;
				CLANG_WARN_INT_CONVERSION = YES;
				CLANG_WARN_NON_LITERAL_NULL_CONVERSION = YES;
				CLANG_WARN_OBJC_IMPLICIT_RETAIN_SELF = YES;
				CLANG_WARN_OBJC_LITERAL_CONVERSION = YES;
				CLANG_WARN_OBJC_ROOT_CLASS = YES_ERROR;
				CLANG_WARN_RANGE_LOOP_ANALYSIS = YES;
				CLANG_WARN_STRICT_PROTOTYPES = YES;
				CLANG_WARN_SUSPICIOUS_MOVE = YES;
				CLANG_WARN_UNGUARDED_AVAILABILITY = YES_AGGRESSIVE;
				CLANG_WARN_UNREACHABLE_CODE = YES;
				CLANG_WARN__DUPLICATE_METHOD_MATCH = YES;
				CODE_SIGN_IDENTITY = "iPhone Developer";
				COPY_PHASE_STRIP = NO;
				DEBUG_INFORMATION_FORMAT = dwarf;
				ENABLE_STRICT_OBJC_MSGSEND = YES;
				ENABLE_TESTABILITY = YES;
				GCC_C_LANGUAGE_STANDARD = gnu11;
				GCC_DYNAMIC_NO_PIC = NO;
				GCC_NO_COMMON_BLOCKS = YES;
				GCC_OPTIMIZATION_LEVEL = 0;
				GCC_PREPROCESSOR_DEFINITIONS = (
					"DEBUG=1",
					"$(inherited)",
				);
				GCC_WARN_64_TO_32_BIT_CONVERSION = YES;
				GCC_WARN_ABOUT_RETURN_TYPE = YES_ERROR;
				GCC_WARN_UNDECLARED_SELECTOR = YES;
				GCC_WARN_UNINITIALIZED_AUTOS = YES_AGGRESSIVE;
				GCC_WARN_UNUSED_FUNCTION = YES;
				GCC_WARN_UNUSED_VARIABLE = YES;
				IPHONEOS_DEPLOYMENT_TARGET = 12.4;
				MTL_ENABLE_DEBUG_INFO = INCLUDE_SOURCE;
				MTL_FAST_MATH = YES;
				ONLY_ACTIVE_ARCH = YES;
				SDKROOT = iphoneos;
				SWIFT_ACTIVE_COMPILATION_CONDITIONS = DEBUG;
				SWIFT_OPTIMIZATION_LEVEL = "-Onone";
			};
			name = Debug;
		};
		4A29284723F4624C005F4E02 /* Release */ = {
			isa = XCBuildConfiguration;
			buildSettings = {
				ALWAYS_SEARCH_USER_PATHS = NO;
				CLANG_ANALYZER_NONNULL = YES;
				CLANG_ANALYZER_NUMBER_OBJECT_CONVERSION = YES_AGGRESSIVE;
				CLANG_CXX_LANGUAGE_STANDARD = "gnu++14";
				CLANG_CXX_LIBRARY = "libc++";
				CLANG_ENABLE_MODULES = YES;
				CLANG_ENABLE_OBJC_ARC = YES;
				CLANG_ENABLE_OBJC_WEAK = YES;
				CLANG_WARN_BLOCK_CAPTURE_AUTORELEASING = YES;
				CLANG_WARN_BOOL_CONVERSION = YES;
				CLANG_WARN_COMMA = YES;
				CLANG_WARN_CONSTANT_CONVERSION = YES;
				CLANG_WARN_DEPRECATED_OBJC_IMPLEMENTATIONS = YES;
				CLANG_WARN_DIRECT_OBJC_ISA_USAGE = YES_ERROR;
				CLANG_WARN_DOCUMENTATION_COMMENTS = YES;
				CLANG_WARN_EMPTY_BODY = YES;
				CLANG_WARN_ENUM_CONVERSION = YES;
				CLANG_WARN_INFINITE_RECURSION = YES;
				CLANG_WARN_INT_CONVERSION = YES;
				CLANG_WARN_NON_LITERAL_NULL_CONVERSION = YES;
				CLANG_WARN_OBJC_IMPLICIT_RETAIN_SELF = YES;
				CLANG_WARN_OBJC_LITERAL_CONVERSION = YES;
				CLANG_WARN_OBJC_ROOT_CLASS = YES_ERROR;
				CLANG_WARN_RANGE_LOOP_ANALYSIS = YES;
				CLANG_WARN_STRICT_PROTOTYPES = YES;
				CLANG_WARN_SUSPICIOUS_MOVE = YES;
				CLANG_WARN_UNGUARDED_AVAILABILITY = YES_AGGRESSIVE;
				CLANG_WARN_UNREACHABLE_CODE = YES;
				CLANG_WARN__DUPLICATE_METHOD_MATCH = YES;
				CODE_SIGN_IDENTITY = "iPhone Developer";
				COPY_PHASE_STRIP = NO;
				DEBUG_INFORMATION_FORMAT = "dwarf-with-dsym";
				ENABLE_NS_ASSERTIONS = NO;
				ENABLE_STRICT_OBJC_MSGSEND = YES;
				GCC_C_LANGUAGE_STANDARD = gnu11;
				GCC_NO_COMMON_BLOCKS = YES;
				GCC_WARN_64_TO_32_BIT_CONVERSION = YES;
				GCC_WARN_ABOUT_RETURN_TYPE = YES_ERROR;
				GCC_WARN_UNDECLARED_SELECTOR = YES;
				GCC_WARN_UNINITIALIZED_AUTOS = YES_AGGRESSIVE;
				GCC_WARN_UNUSED_FUNCTION = YES;
				GCC_WARN_UNUSED_VARIABLE = YES;
				IPHONEOS_DEPLOYMENT_TARGET = 12.4;
				MTL_ENABLE_DEBUG_INFO = NO;
				MTL_FAST_MATH = YES;
				SDKROOT = iphoneos;
				SWIFT_COMPILATION_MODE = wholemodule;
				SWIFT_OPTIMIZATION_LEVEL = "-O";
				VALIDATE_PRODUCT = YES;
			};
			name = Release;
		};
		4A29284923F4624C005F4E02 /* Debug */ = {
			isa = XCBuildConfiguration;
			buildSettings = {
				ASSETCATALOG_COMPILER_APPICON_NAME = AppIcon;
				CODE_SIGN_STYLE = Automatic;
				INFOPLIST_FILE = "MapGeneratorD&D_Group2/Info.plist";
				LD_RUNPATH_SEARCH_PATHS = (
					"$(inherited)",
					"@executable_path/Frameworks",
				);
				PRODUCT_BUNDLE_IDENTIFIER = "edu.cvtc.swift.MapGeneratorD-D-Group2";
				PRODUCT_NAME = "$(TARGET_NAME)";
				SWIFT_VERSION = 5.0;
				TARGETED_DEVICE_FAMILY = 2;
			};
			name = Debug;
		};
		4A29284A23F4624C005F4E02 /* Release */ = {
			isa = XCBuildConfiguration;
			buildSettings = {
				ASSETCATALOG_COMPILER_APPICON_NAME = AppIcon;
				CODE_SIGN_STYLE = Automatic;
				INFOPLIST_FILE = "MapGeneratorD&D_Group2/Info.plist";
				LD_RUNPATH_SEARCH_PATHS = (
					"$(inherited)",
					"@executable_path/Frameworks",
				);
				PRODUCT_BUNDLE_IDENTIFIER = "edu.cvtc.swift.MapGeneratorD-D-Group2";
				PRODUCT_NAME = "$(TARGET_NAME)";
				SWIFT_VERSION = 5.0;
				TARGETED_DEVICE_FAMILY = 2;
			};
			name = Release;
		};
/* End XCBuildConfiguration section */

/* Begin XCConfigurationList section */
		4A29283123F46249005F4E02 /* Build configuration list for PBXProject "MapGeneratorD&D_Group2" */ = {
			isa = XCConfigurationList;
			buildConfigurations = (
				4A29284623F4624C005F4E02 /* Debug */,
				4A29284723F4624C005F4E02 /* Release */,
			);
			defaultConfigurationIsVisible = 0;
			defaultConfigurationName = Release;
		};
		4A29284823F4624C005F4E02 /* Build configuration list for PBXNativeTarget "MapGeneratorD&D_Group2" */ = {
			isa = XCConfigurationList;
			buildConfigurations = (
				4A29284923F4624C005F4E02 /* Debug */,
				4A29284A23F4624C005F4E02 /* Release */,
			);
			defaultConfigurationIsVisible = 0;
			defaultConfigurationName = Release;
		};
/* End XCConfigurationList section */
	};
	rootObject = 4A29282E23F46249005F4E02 /* Project object */;
}
